// !$*UTF8*$!
{
	archiveVersion = 1;
	classes = {
	};
	objectVersion = 46;
	objects = {

/* Begin PBXBuildFile section */
		C29F6DCA1F9EF6D300F7FDFD /* main.m in Sources */ = {isa = PBXBuildFile; fileRef = C29F6DC91F9EF6D300F7FDFD /* main.m */; };
		C29F6DCD1F9EF6D300F7FDFD /* AppDelegate.m in Sources */ = {isa = PBXBuildFile; fileRef = C29F6DCC1F9EF6D300F7FDFD /* AppDelegate.m */; };
		C29F6DD01F9EF6D300F7FDFD /* ViewController.m in Sources */ = {isa = PBXBuildFile; fileRef = C29F6DCF1F9EF6D300F7FDFD /* ViewController.m */; };
		C29F6DD31F9EF6D300F7FDFD /* Main.storyboard in Resources */ = {isa = PBXBuildFile; fileRef = C29F6DD11F9EF6D300F7FDFD /* Main.storyboard */; };
		C29F6DD51F9EF6D300F7FDFD /* Assets.xcassets in Resources */ = {isa = PBXBuildFile; fileRef = C29F6DD41F9EF6D300F7FDFD /* Assets.xcassets */; };
		C29F6DD81F9EF6D300F7FDFD /* LaunchScreen.storyboard in Resources */ = {isa = PBXBuildFile; fileRef = C29F6DD61F9EF6D300F7FDFD /* LaunchScreen.storyboard */; };
/* End PBXBuildFile section */

/* Begin PBXFileReference section */
		C29F6DC51F9EF6D300F7FDFD /* Tasks.app */ = {isa = PBXFileReference; explicitFileType = wrapper.application; includeInIndex = 0; path = Tasks.app; sourceTree = BUILT_PRODUCTS_DIR; };
		C29F6DC91F9EF6D300F7FDFD /* main.m */ = {isa = PBXFileReference; lastKnownFileType = sourcecode.c.objc; path = main.m; sourceTree = "<group>"; };
		C29F6DCB1F9EF6D300F7FDFD /* AppDelegate.h */ = {isa = PBXFileReference; lastKnownFileType = sourcecode.c.h; path = AppDelegate.h; sourceTree = "<group>"; };
		C29F6DCC1F9EF6D300F7FDFD /* AppDelegate.m */ = {isa = PBXFileReference; lastKnownFileType = sourcecode.c.objc; path = AppDelegate.m; sourceTree = "<group>"; };
		C29F6DCE1F9EF6D300F7FDFD /* ViewController.h */ = {isa = PBXFileReference; lastKnownFileType = sourcecode.c.h; path = ViewController.h; sourceTree = "<group>"; };
		C29F6DCF1F9EF6D300F7FDFD /* ViewController.m */ = {isa = PBXFileReference; lastKnownFileType = sourcecode.c.objc; path = ViewController.m; sourceTree = "<group>"; };
		C29F6DD21F9EF6D300F7FDFD /* Base */ = {isa = PBXFileReference; lastKnownFileType = file.storyboard; name = Base; path = Base.lproj/Main.storyboard; sourceTree = "<group>"; };
		C29F6DD41F9EF6D300F7FDFD /* Assets.xcassets */ = {isa = PBXFileReference; lastKnownFileType = folder.assetcatalog; path = Assets.xcassets; sourceTree = "<group>"; };
		C29F6DD71F9EF6D300F7FDFD /* Base */ = {isa = PBXFileReference; lastKnownFileType = file.storyboard; name = Base; path = Base.lproj/LaunchScreen.storyboard; sourceTree = "<group>"; };
		C29F6DD91F9EF6D300F7FDFD /* Info.plist */ = {isa = PBXFileReference; lastKnownFileType = text.plist.xml; path = Info.plist; sourceTree = "<group>"; };
/* End PBXFileReference section */

/* Begin PBXFrameworksBuildPhase section */
		C29F6DC21F9EF6D300F7FDFD /* Frameworks */ = {
			isa = PBXFrameworksBuildPhase;
			buildActionMask = 2147483647;
			files = (
			);
			runOnlyForDeploymentPostprocessing = 0;
		};
/* End PBXFrameworksBuildPhase section */

/* Begin PBXGroup section */
		C29F6DBC1F9EF6D300F7FDFD = {
			isa = PBXGroup;
			children = (
				C29F6DC71F9EF6D300F7FDFD /* Tasks */,
				C29F6DC61F9EF6D300F7FDFD /* Products */,
			);
			sourceTree = "<group>";
		};
		C29F6DC61F9EF6D300F7FDFD /* Products */ = {
			isa = PBXGroup;
			children = (
				C29F6DC51F9EF6D300F7FDFD /* Tasks.app */,
			);
			name = Products;
			sourceTree = "<group>";
		};
		C29F6DC71F9EF6D300F7FDFD /* Tasks */ = {
			isa = PBXGroup;
			children = (
				C29F6DCB1F9EF6D300F7FDFD /* AppDelegate.h */,
				C29F6DCC1F9EF6D300F7FDFD /* AppDelegate.m */,
				C29F6DCE1F9EF6D300F7FDFD /* ViewController.h */,
				C29F6DCF1F9EF6D300F7FDFD /* ViewController.m */,
				C29F6DD11F9EF6D300F7FDFD /* Main.storyboard */,
				C29F6DD41F9EF6D300F7FDFD /* Assets.xcassets */,
				C29F6DD61F9EF6D300F7FDFD /* LaunchScreen.storyboard */,
				C29F6DD91F9EF6D300F7FDFD /* Info.plist */,
				C29F6DC81F9EF6D300F7FDFD /* Supporting Files */,
			);
			path = Tasks;
			sourceTree = "<group>";
		};
		C29F6DC81F9EF6D300F7FDFD /* Supporting Files */ = {
			isa = PBXGroup;
			children = (
				C29F6DC91F9EF6D300F7FDFD /* main.m */,
			);
			name = "Supporting Files";
			sourceTree = "<group>";
		};
/* End PBXGroup section */

/* Begin PBXNativeTarget section */
		C29F6DC41F9EF6D300F7FDFD /* Tasks */ = {
			isa = PBXNativeTarget;
			buildConfigurationList = C29F6DDC1F9EF6D300F7FDFD /* Build configuration list for PBXNativeTarget "Tasks" */;
			buildPhases = (
				C29F6DC11F9EF6D300F7FDFD /* Sources */,
				C29F6DC21F9EF6D300F7FDFD /* Frameworks */,
				C29F6DC31F9EF6D300F7FDFD /* Resources */,
			);
			buildRules = (
			);
			dependencies = (
			);
			name = Tasks;
			productName = Tasks;
			productReference = C29F6DC51F9EF6D300F7FDFD /* Tasks.app */;
			productType = "com.apple.product-type.application";
		};
/* End PBXNativeTarget section */

/* Begin PBXProject section */
		C29F6DBD1F9EF6D300F7FDFD /* Project object */ = {
			isa = PBXProject;
			attributes = {
				LastUpgradeCheck = 0830;
				ORGANIZATIONNAME = SreenivasulaReddy;
				TargetAttributes = {
					C29F6DC41F9EF6D300F7FDFD = {
						CreatedOnToolsVersion = 8.3.3;
						DevelopmentTeam = C8CSMQKCZ9;
						ProvisioningStyle = Automatic;
					};
				};
			};
			buildConfigurationList = C29F6DC01F9EF6D300F7FDFD /* Build configuration list for PBXProject "Tasks" */;
			compatibilityVersion = "Xcode 3.2";
			developmentRegion = English;
			hasScannedForEncodings = 0;
			knownRegions = (
				en,
				Base,
			);
			mainGroup = C29F6DBC1F9EF6D300F7FDFD;
			productRefGroup = C29F6DC61F9EF6D300F7FDFD /* Products */;
			projectDirPath = "";
			projectRoot = "";
			targets = (
				C29F6DC41F9EF6D300F7FDFD /* Tasks */,
			);
		};
/* End PBXProject section */

/* Begin PBXResourcesBuildPhase section */
		C29F6DC31F9EF6D300F7FDFD /* Resources */ = {
			isa = PBXResourcesBuildPhase;
			buildActionMask = 2147483647;
			files = (
				C29F6DD81F9EF6D300F7FDFD /* LaunchScreen.storyboard in Resources */,
				C29F6DD51F9EF6D300F7FDFD /* Assets.xcassets in Resources */,
				C29F6DD31F9EF6D300F7FDFD /* Main.storyboard in Resources */,
			);
			runOnlyForDeploymentPostprocessing = 0;
		};
/* End PBXResourcesBuildPhase section */

/* Begin PBXSourcesBuildPhase section */
		C29F6DC11F9EF6D300F7FDFD /* Sources */ = {
			isa = PBXSourcesBuildPhase;
			buildActionMask = 2147483647;
			files = (
				C29F6DD01F9EF6D300F7FDFD /* ViewController.m in Sources */,
				C29F6DCD1F9EF6D300F7FDFD /* AppDelegate.m in Sources */,
				C29F6DCA1F9EF6D300F7FDFD /* main.m in Sources */,
			);
			runOnlyForDeploymentPostprocessing = 0;
		};
/* End PBXSourcesBuildPhase section */

/* Begin PBXVariantGroup section */
		C29F6DD11F9EF6D300F7FDFD /* Main.storyboard */ = {
			isa = PBXVariantGroup;
			children = (
				C29F6DD21F9EF6D300F7FDFD /* Base */,
			);
			name = Main.storyboard;
			sourceTree = "<group>";
		};
		C29F6DD61F9EF6D300F7FDFD /* LaunchScreen.storyboard */ = {
			isa = PBXVariantGroup;
			children = (
				C29F6DD71F9EF6D300F7FDFD /* Base */,
			);
			name = LaunchScreen.storyboard;
			sourceTree = "<group>";
		};
/* End PBXVariantGroup section */

/* Begin XCBuildConfiguration section */
		C29F6DDA1F9EF6D300F7FDFD /* Debug */ = {
			isa = XCBuildConfiguration;
			buildSettings = {
				ALWAYS_SEARCH_USER_PATHS = NO;
				CLANG_ANALYZER_NONNULL = YES;
				CLANG_ANALYZER_NUMBER_OBJECT_CONVERSION = YES_AGGRESSIVE;
				CLANG_CXX_LANGUAGE_STANDARD = "gnu++0x";
				CLANG_CXX_LIBRARY = "libc++";
				CLANG_ENABLE_MODULES = YES;
				CLANG_ENABLE_OBJC_ARC = YES;
				CLANG_WARN_BOOL_CONVERSION = YES;
				CLANG_WARN_CONSTANT_CONVERSION = YES;
				CLANG_WARN_DIRECT_OBJC_ISA_USAGE = YES_ERROR;
				CLANG_WARN_DOCUMENTATION_COMMENTS = YES;
				CLANG_WARN_EMPTY_BODY = YES;
				CLANG_WARN_ENUM_CONVERSION = YES;
				CLANG_WARN_INFINITE_RECURSION = YES;
				CLANG_WARN_INT_CONVERSION = YES;
				CLANG_WARN_OBJC_ROOT_CLASS = YES_ERROR;
				CLANG_WARN_SUSPICIOUS_MOVE = YES;
				CLANG_WARN_UNREACHABLE_CODE = YES;
				CLANG_WARN__DUPLICATE_METHOD_MATCH = YES;
				"CODE_SIGN_IDENTITY[sdk=iphoneos*]" = "iPhone Developer";
				COPY_PHASE_STRIP = NO;
				DEBUG_INFORMATION_FORMAT = dwarf;
				ENABLE_STRICT_OBJC_MSGSEND = YES;
				ENABLE_TESTABILITY = YES;
				GCC_C_LANGUAGE_STANDARD = gnu99;
				GCC_DYNAMIC_NO_PIC = NO;
				GCC_NO_COMMON_BLOCKS = YES;
				GCC_OPTIMIZATION_LEVEL = 0;
				GCC_PREPROCESSOR_DEFINITIONS = (
					"DEBUG=1",
					"$(inherited)",
				);
				GCC_WARN_64_TO_32_BIT_CONVERSION = YES;
				GCC_WARN_ABOUT_RETURN_TYPE = YES_ERROR;
				GCC_WARN_UNDECLARED_SELECTOR = YES;
				GCC_WARN_UNINITIALIZED_AUTOS = YES_AGGRESSIVE;
				GCC_WARN_UNUSED_FUNCTION = YES;
				GCC_WARN_UNUSED_VARIABLE = YES;
				IPHONEOS_DEPLOYMENT_TARGET = 10.3;
				MTL_ENABLE_DEBUG_INFO = YES;
				ONLY_ACTIVE_ARCH = YES;
				SDKROOT = iphoneos;
				TARGETED_DEVICE_FAMILY = "1,2";
			};
			name = Debug;
		};
		C29F6DDB1F9EF6D300F7FDFD /* Release */ = {
			isa = XCBuildConfiguration;
			buildSettings = {
				ALWAYS_SEARCH_USER_PATHS = NO;
				CLANG_ANALYZER_NONNULL = YES;
				CLANG_ANALYZER_NUMBER_OBJECT_CONVERSION = YES_AGGRESSIVE;
				CLANG_CXX_LANGUAGE_STANDARD = "gnu++0x";
				CLANG_CXX_LIBRARY = "libc++";
				CLANG_ENABLE_MODULES = YES;
				CLANG_ENABLE_OBJC_ARC = YES;
				CLANG_WARN_BOOL_CONVERSION = YES;
				CLANG_WARN_CONSTANT_CONVERSION = YES;
				CLANG_WARN_DIRECT_OBJC_ISA_USAGE = YES_ERROR;
				CLANG_WARN_DOCUMENTATION_COMMENTS = YES;
				CLANG_WARN_EMPTY_BODY = YES;
				CLANG_WARN_ENUM_CONVERSION = YES;
				CLANG_WARN_INFINITE_RECURSION = YES;
				CLANG_WARN_INT_CONVERSION = YES;
				CLANG_WARN_OBJC_ROOT_CLASS = YES_ERROR;
				CLANG_WARN_SUSPICIOUS_MOVE = YES;
				CLANG_WARN_UNREACHABLE_CODE = YES;
				CLANG_WARN__DUPLICATE_METHOD_MATCH = YES;
				"CODE_SIGN_IDENTITY[sdk=iphoneos*]" = "iPhone Developer";
				COPY_PHASE_STRIP = NO;
				DEBUG_INFORMATION_FORMAT = "dwarf-with-dsym";
				ENABLE_NS_ASSERTIONS = NO;
				ENABLE_STRICT_OBJC_MSGSEND = YES;
				GCC_C_LANGUAGE_STANDARD = gnu99;
				GCC_NO_COMMON_BLOCKS = YES;
				GCC_WARN_64_TO_32_BIT_CONVERSION = YES;
				GCC_WARN_ABOUT_RETURN_TYPE = YES_ERROR;
				GCC_WARN_UNDECLARED_SELECTOR = YES;
				GCC_WARN_UNINITIALIZED_AUTOS = YES_AGGRESSIVE;
				GCC_WARN_UNUSED_FUNCTION = YES;
				GCC_WARN_UNUSED_VARIABLE = YES;
				IPHONEOS_DEPLOYMENT_TARGET = 10.3;
				MTL_ENABLE_DEBUG_INFO = NO;
				SDKROOT = iphoneos;
				TARGETED_DEVICE_FAMILY = "1,2";
				VALIDATE_PRODUCT = YES;
			};
			name = Release;
		};
		C29F6DDD1F9EF6D300F7FDFD /* Debug */ = {
			isa = XCBuildConfiguration;
			buildSettings = {
				ASSETCATALOG_COMPILER_APPICON_NAME = AppIcon;
				DEVELOPMENT_TEAM = C8CSMQKCZ9;
				INFOPLIST_FILE = Tasks/Info.plist;
				LD_RUNPATH_SEARCH_PATHS = "$(inherited) @executable_path/Frameworks";
				PRODUCT_BUNDLE_IDENTIFIER = com.virinchi.Tasks;
				PRODUCT_NAME = "$(TARGET_NAME)";
			};
			name = Debug;
		};
		C29F6DDE1F9EF6D300F7FDFD /* Release */ = {
			isa = XCBuildConfiguration;
			buildSettings = {
				ASSETCATALOG_COMPILER_APPICON_NAME = AppIcon;
				DEVELOPMENT_TEAM = C8CSMQKCZ9;
				INFOPLIST_FILE = Tasks/Info.plist;
				LD_RUNPATH_SEARCH_PATHS = "$(inherited) @executable_path/Frameworks";
				PRODUCT_BUNDLE_IDENTIFIER = com.virinchi.Tasks;
				PRODUCT_NAME = "$(TARGET_NAME)";
			};
			name = Release;
		};
/* End XCBuildConfiguration section */

/* Begin XCConfigurationList section */
		C29F6DC01F9EF6D300F7FDFD /* Build configuration list for PBXProject "Tasks" */ = {
			isa = XCConfigurationList;
			buildConfigurations = (
				C29F6DDA1F9EF6D300F7FDFD /* Debug */,
				C29F6DDB1F9EF6D300F7FDFD /* Release */,
			);
			defaultConfigurationIsVisible = 0;
			defaultConfigurationName = Release;
		};
		C29F6DDC1F9EF6D300F7FDFD /* Build configuration list for PBXNativeTarget "Tasks" */ = {
			isa = XCConfigurationList;
			buildConfigurations = (
				C29F6DDD1F9EF6D300F7FDFD /* Debug */,
				C29F6DDE1F9EF6D300F7FDFD /* Release */,
			);
			defaultConfigurationIsVisible = 0;
		};
/* End XCConfigurationList section */
	};
	rootObject = C29F6DBD1F9EF6D300F7FDFD /* Project object */;
}
